version: 1
checksums:
  de800d16f427a2681a5bcf46beb42a3d:
    queues.title: 5a40f3b59d59b709d5a217fe54b56a19
    queues.jobs: 5a40f3b59d59b709d5a217fe54b56a19
    queues.running: 010d4795c3d5df31edde92a3441d7017
    queues.scheduled: 1283929a2810dcf6110765f387dc118e
    queues.failed: 99f87615af1fffa2b8802866b096705a
    queues.metrics: 76712cf76855f695712cf05b994caebd
    queues.job.id: c8886d38aeea2ed5f785aba4fc96784b
    queues.job.type: f04471a7ddac844b9ad145eb9911ef75
    queues.job.name: 9368b5a047572b6051f334af5aa76819
    queues.job.queue: f036ee933168c057acfa038f07270f54
    queues.job.status: 4e1fcce15854d824919b4a582c697c90
    queues.job.created: 6045b4ff97fb7dca19ebadfa2e34a700
    queues.job.started: b3e31f20f0df77554b9baf6cf9a5496c
    queues.job.completed: 0e4bbce9985f25eb673d9a054c8d5334
    queues.job.failed: 99f87615af1fffa2b8802866b096705a
    queues.job.attempts: c17e337fe7be198e386cfdfb7a7c4793
    queues.job.error: 3c95bcb32c2104b99a46f5b3dd015248
    queues.action.view: 885f3ad1c2e448d104a45c0291b79ba5
    queues.action.retry: 6e44d18639560596569a1278f9c83676
    queues.action.delete: 8bcf303dd10a645b5baacb02b47d72c9
    queues.action.run: 56e0c049acfe26f4ae87bf8ffdc04709
    queues.action.clear: d4c069de3111b7a5df96f3703f199f2f
    queues.action.refresh: c0aec3f31be4c984bae9a482572d2857
    queues.drawer.details: 2a8bbb1bc386c059783f925aca2cc522
    queues.drawer.payload: 50701a00fae155ea7a0358358b190671
    queues.drawer.logs: cc9e9e82182a1b8173d7cf321b811683
    queues.drawer.logs.empty: 67fdfbd6c4a4342e3dae2d5f2f450c76
    queues.drawer.retry: 95eaccd07c2d8106eb206c3658c56bc7
    queues.status.pending: 030a6f3395d5d4efddd3cc67d6009039
    queues.status.running: 010d4795c3d5df31edde92a3441d7017
    queues.status.completed: 0e4bbce9985f25eb673d9a054c8d5334
    queues.status.failed: 99f87615af1fffa2b8802866b096705a
    queues.empty: 6973ac50b316fda4019cf89e66be4c0f
    queues.worker.status: 31276b775f85a44fe97d6fc43999599d
    queues.worker.running: 878d849d89e73f383981eeb463774d3e
    queues.worker.stopped: 066777e8ae55c25a516003f08cb40a50
    queues.total: f60dc0a14e9b1bace656c644de25de5b
    queues.overview: 30c54e4dc4ce599b87d94be34a8617f5
    queues.all: 501ac811138b99777333aa439e63ba64
    queues.jobType.all: 32b4b35f93cc4c04ba5a5d2192340a99
    queues.timeRange.lastHour: a5f1c6049682651af9f68de955f3f878
    queues.timeRange.last24Hours: 0bc5386969795001992fccbe817580d3
    queues.timeRange.last7Days: 3631df3109bfecfe358ba15dcf8bd6f5
    queues.timeRange.last30Days: a738894cfc5e592052f1e16787744568
    queues.timeRange.allTime: 62258944e7c2e83f3ebf69074b2c2156
    queues.dialog.deleteJob: 3120362e40465a624696f11041449d2e
    queues.dialog.clearFailed: c657d138b90775bd69fbda32a5d0257a
    queues.dialog.removeScheduled: 5f9ab4cda1d40d4b88047c9bbc27c4da
    queues.notification.jobQueued: d08aaa82971bf10aaf11f48edbfc6e96
    queues.notification.jobDeleted: 346fec85479647709eb2636c5d00e62a
    queues.notification.failedCleared: ef88aa8e822a22e4247f52bb5e0fe119
    queues.notification.scheduledRemoved: f91c49a77daad26742bddfd458ee5763
